// !$*UTF8*$!
{
	archiveVersion = 1;
	classes = {
	};
	objectVersion = 50;
	objects = {

/* Begin PBXBuildFile section */
		FDD7B495222D264E005A3966 /* AppDelegate.m in Sources */ = {isa = PBXBuildFile; fileRef = FDD7B494222D264E005A3966 /* AppDelegate.m */; };
		FDD7B498222D264E005A3966 /* ViewController.m in Sources */ = {isa = PBXBuildFile; fileRef = FDD7B497222D264E005A3966 /* ViewController.m */; };
		FDD7B49B222D264E005A3966 /* Main.storyboard in Resources */ = {isa = PBXBuildFile; fileRef = FDD7B499222D264E005A3966 /* Main.storyboard */; };
		FDD7B49D222D264F005A3966 /* Assets.xcassets in Resources */ = {isa = PBXBuildFile; fileRef = FDD7B49C222D264F005A3966 /* Assets.xcassets */; };
		FDD7B4A0222D264F005A3966 /* LaunchScreen.storyboard in Resources */ = {isa = PBXBuildFile; fileRef = FDD7B49E222D264F005A3966 /* LaunchScreen.storyboard */; };
		FDD7B4A3222D264F005A3966 /* main.m in Sources */ = {isa = PBXBuildFile; fileRef = FDD7B4A2222D264F005A3966 /* main.m */; };
/* End PBXBuildFile section */

/* Begin PBXFileReference section */
		FDD7B490222D264E005A3966 /* ZKTimerServiceDemo.app */ = {isa = PBXFileReference; explicitFileType = wrapper.application; includeInIndex = 0; path = ZKTimerServiceDemo.app; sourceTree = BUILT_PRODUCTS_DIR; };
		FDD7B493222D264E005A3966 /* AppDelegate.h */ = {isa = PBXFileReference; lastKnownFileType = sourcecode.c.h; path = AppDelegate.h; sourceTree = "<group>"; };
		FDD7B494222D264E005A3966 /* AppDelegate.m */ = {isa = PBXFileReference; lastKnownFileType = sourcecode.c.objc; path = AppDelegate.m; sourceTree = "<group>"; };
		FDD7B496222D264E005A3966 /* ViewController.h */ = {isa = PBXFileReference; lastKnownFileType = sourcecode.c.h; path = ViewController.h; sourceTree = "<group>"; };
		FDD7B497222D264E005A3966 /* ViewController.m */ = {isa = PBXFileReference; lastKnownFileType = sourcecode.c.objc; path = ViewController.m; sourceTree = "<group>"; };
		FDD7B49A222D264E005A3966 /* Base */ = {isa = PBXFileReference; lastKnownFileType = file.storyboard; name = Base; path = Base.lproj/Main.storyboard; sourceTree = "<group>"; };
		FDD7B49C222D264F005A3966 /* Assets.xcassets */ = {isa = PBXFileReference; lastKnownFileType = folder.assetcatalog; path = Assets.xcassets; sourceTree = "<group>"; };
		FDD7B49F222D264F005A3966 /* Base */ = {isa = PBXFileReference; lastKnownFileType = file.storyboard; name = Base; path = Base.lproj/LaunchScreen.storyboard; sourceTree = "<group>"; };
		FDD7B4A1222D264F005A3966 /* Info.plist */ = {isa = PBXFileReference; lastKnownFileType = text.plist.xml; path = Info.plist; sourceTree = "<group>"; };
		FDD7B4A2222D264F005A3966 /* main.m */ = {isa = PBXFileReference; lastKnownFileType = sourcecode.c.objc; path = main.m; sourceTree = "<group>"; };
/* End PBXFileReference section */

/* Begin PBXFrameworksBuildPhase section */
		FDD7B48D222D264E005A3966 /* Frameworks */ = {
			isa = PBXFrameworksBuildPhase;
			buildActionMask = 2147483647;
			files = (
			);
			runOnlyForDeploymentPostprocessing = 0;
		};
/* End PBXFrameworksBuildPhase section */

/* Begin PBXGroup section */
		FDD7B487222D264E005A3966 = {
			isa = PBXGroup;
			children = (
				FDD7B492222D264E005A3966 /* ZKTimerServiceDemo */,
				FDD7B491222D264E005A3966 /* Products */,
			);
			sourceTree = "<group>";
		};
		FDD7B491222D264E005A3966 /* Products */ = {
			isa = PBXGroup;
			children = (
				FDD7B490222D264E005A3966 /* ZKTimerServiceDemo.app */,
			);
			name = Products;
			sourceTree = "<group>";
		};
		FDD7B492222D264E005A3966 /* ZKTimerServiceDemo */ = {
			isa = PBXGroup;
			children = (
				FDD7B493222D264E005A3966 /* AppDelegate.h */,
				FDD7B494222D264E005A3966 /* AppDelegate.m */,
				FDD7B496222D264E005A3966 /* ViewController.h */,
				FDD7B497222D264E005A3966 /* ViewController.m */,
				FDD7B499222D264E005A3966 /* Main.storyboard */,
				FDD7B49C222D264F005A3966 /* Assets.xcassets */,
				FDD7B49E222D264F005A3966 /* LaunchScreen.storyboard */,
				FDD7B4A1222D264F005A3966 /* Info.plist */,
				FDD7B4A2222D264F005A3966 /* main.m */,
			);
			path = ZKTimerServiceDemo;
			sourceTree = "<group>";
		};
/* End PBXGroup section */

/* Begin PBXNativeTarget section */
		FDD7B48F222D264E005A3966 /* ZKTimerServiceDemo */ = {
			isa = PBXNativeTarget;
			buildConfigurationList = FDD7B4A6222D264F005A3966 /* Build configuration list for PBXNativeTarget "ZKTimerServiceDemo" */;
			buildPhases = (
				FDD7B48C222D264E005A3966 /* Sources */,
				FDD7B48D222D264E005A3966 /* Frameworks */,
				FDD7B48E222D264E005A3966 /* Resources */,
			);
			buildRules = (
			);
			dependencies = (
			);
			name = ZKTimerServiceDemo;
			productName = ZKTimerServiceDemo;
			productReference = FDD7B490222D264E005A3966 /* ZKTimerServiceDemo.app */;
			productType = "com.apple.product-type.application";
		};
/* End PBXNativeTarget section */

/* Begin PBXProject section */
		FDD7B488222D264E005A3966 /* Project object */ = {
			isa = PBXProject;
			attributes = {
				LastUpgradeCheck = 1000;
				ORGANIZATIONNAME = bestdew;
				TargetAttributes = {
					FDD7B48F222D264E005A3966 = {
						CreatedOnToolsVersion = 10.0;
					};
				};
			};
			buildConfigurationList = FDD7B48B222D264E005A3966 /* Build configuration list for PBXProject "ZKTimerServiceDemo" */;
			compatibilityVersion = "Xcode 9.3";
			developmentRegion = en;
			hasScannedForEncodings = 0;
			knownRegions = (
				en,
				Base,
			);
			mainGroup = FDD7B487222D264E005A3966;
			productRefGroup = FDD7B491222D264E005A3966 /* Products */;
			projectDirPath = "";
			projectRoot = "";
			targets = (
				FDD7B48F222D264E005A3966 /* ZKTimerServiceDemo */,
			);
		};
/* End PBXProject section */

/* Begin PBXResourcesBuildPhase section */
		FDD7B48E222D264E005A3966 /* Resources */ = {
			isa = PBXResourcesBuildPhase;
			buildActionMask = 2147483647;
			files = (
				FDD7B4A0222D264F005A3966 /* LaunchScreen.storyboard in Resources */,
				FDD7B49D222D264F005A3966 /* Assets.xcassets in Resources */,
				FDD7B49B222D264E005A3966 /* Main.storyboard in Resources */,
			);
			runOnlyForDeploymentPostprocessing = 0;
		};
/* End PBXResourcesBuildPhase section */

/* Begin PBXSourcesBuildPhase section */
		FDD7B48C222D264E005A3966 /* Sources */ = {
			isa = PBXSourcesBuildPhase;
			buildActionMask = 2147483647;
			files = (
				FDD7B498222D264E005A3966 /* ViewController.m in Sources */,
				FDD7B4A3222D264F005A3966 /* main.m in Sources */,
				FDD7B495222D264E005A3966 /* AppDelegate.m in Sources */,
			);
			runOnlyForDeploymentPostprocessing = 0;
		};
/* End PBXSourcesBuildPhase section */

/* Begin PBXVariantGroup section */
		FDD7B499222D264E005A3966 /* Main.storyboard */ = {
			isa = PBXVariantGroup;
			children = (
				FDD7B49A222D264E005A3966 /* Base */,
			);
			name = Main.storyboard;
			sourceTree = "<group>";
		};
		FDD7B49E222D264F005A3966 /* LaunchScreen.storyboard */ = {
			isa = PBXVariantGroup;
			children = (
				FDD7B49F222D264F005A3966 /* Base */,
			);
			name = LaunchScreen.storyboard;
			sourceTree = "<group>";
		};
/* End PBXVariantGroup section */

/* Begin XCBuildConfiguration section */
		FDD7B4A4222D264F005A3966 /* Debug */ = {
			isa = XCBuildConfiguration;
			buildSettings = {
				ALWAYS_SEARCH_USER_PATHS = NO;
				CLANG_ANALYZER_NONNULL = YES;
				CLANG_ANALYZER_NUMBER_OBJECT_CONVERSION = YES_AGGRESSIVE;
				CLANG_CXX_LANGUAGE_STANDARD = "gnu++14";
				CLANG_CXX_LIBRARY = "libc++";
				CLANG_ENABLE_MODULES = YES;
				CLANG_ENABLE_OBJC_ARC = YES;
				CLANG_ENABLE_OBJC_WEAK = YES;
				CLANG_WARN_BLOCK_CAPTURE_AUTORELEASING = YES;
				CLANG_WARN_BOOL_CONVERSION = YES;
				CLANG_WARN_COMMA = YES;
				CLANG_WARN_CONSTANT_CONVERSION = YES;
				CLANG_WARN_DEPRECATED_OBJC_IMPLEMENTATIONS = YES;
				CLANG_WARN_DIRECT_OBJC_ISA_USAGE = YES_ERROR;
				CLANG_WARN_DOCUMENTATION_COMMENTS = YES;
				CLANG_WARN_EMPTY_BODY = YES;
				CLANG_WARN_ENUM_CONVERSION = YES;
				CLANG_WARN_INFINITE_RECURSION = YES;
				CLANG_WARN_INT_CONVERSION = YES;
				CLANG_WARN_NON_LITERAL_NULL_CONVERSION = YES;
				CLANG_WARN_OBJC_IMPLICIT_RETAIN_SELF = YES;
				CLANG_WARN_OBJC_LITERAL_CONVERSION = YES;
				CLANG_WARN_OBJC_ROOT_CLASS = YES_ERROR;
				CLANG_WARN_RANGE_LOOP_ANALYSIS = YES;
				CLANG_WARN_STRICT_PROTOTYPES = YES;
				CLANG_WARN_SUSPICIOUS_MOVE = YES;
				CLANG_WARN_UNGUARDED_AVAILABILITY = YES_AGGRESSIVE;
				CLANG_WARN_UNREACHABLE_CODE = YES;
				CLANG_WARN__DUPLICATE_METHOD_MATCH = YES;
				CODE_SIGN_IDENTITY = "iPhone Developer";
				COPY_PHASE_STRIP = NO;
				DEBUG_INFORMATION_FORMAT = dwarf;
				ENABLE_STRICT_OBJC_MSGSEND = YES;
				ENABLE_TESTABILITY = YES;
				GCC_C_LANGUAGE_STANDARD = gnu11;
				GCC_DYNAMIC_NO_PIC = NO;
				GCC_NO_COMMON_BLOCKS = YES;
				GCC_OPTIMIZATION_LEVEL = 0;
				GCC_PREPROCESSOR_DEFINITIONS = (
					"DEBUG=1",
					"$(inherited)",
				);
				GCC_WARN_64_TO_32_BIT_CONVERSION = YES;
				GCC_WARN_ABOUT_RETURN_TYPE = YES_ERROR;
				GCC_WARN_UNDECLARED_SELECTOR = YES;
				GCC_WARN_UNINITIALIZED_AUTOS = YES_AGGRESSIVE;
				GCC_WARN_UNUSED_FUNCTION = YES;
				GCC_WARN_UNUSED_VARIABLE = YES;
				IPHONEOS_DEPLOYMENT_TARGET = 12.0;
				MTL_ENABLE_DEBUG_INFO = INCLUDE_SOURCE;
				MTL_FAST_MATH = YES;
				ONLY_ACTIVE_ARCH = YES;
				SDKROOT = iphoneos;
			};
			name = Debug;
		};
		FDD7B4A5222D264F005A3966 /* Release */ = {
			isa = XCBuildConfiguration;
			buildSettings = {
				ALWAYS_SEARCH_USER_PATHS = NO;
				CLANG_ANALYZER_NONNULL = YES;
				CLANG_ANALYZER_NUMBER_OBJECT_CONVERSION = YES_AGGRESSIVE;
				CLANG_CXX_LANGUAGE_STANDARD = "gnu++14";
				CLANG_CXX_LIBRARY = "libc++";
				CLANG_ENABLE_MODULES = YES;
				CLANG_ENABLE_OBJC_ARC = YES;
				CLANG_ENABLE_OBJC_WEAK = YES;
				CLANG_WARN_BLOCK_CAPTURE_AUTORELEASING = YES;
				CLANG_WARN_BOOL_CONVERSION = YES;
				CLANG_WARN_COMMA = YES;
				CLANG_WARN_CONSTANT_CONVERSION = YES;
				CLANG_WARN_DEPRECATED_OBJC_IMPLEMENTATIONS = YES;
				CLANG_WARN_DIRECT_OBJC_ISA_USAGE = YES_ERROR;
				CLANG_WARN_DOCUMENTATION_COMMENTS = YES;
				CLANG_WARN_EMPTY_BODY = YES;
				CLANG_WARN_ENUM_CONVERSION = YES;
				CLANG_WARN_INFINITE_RECURSION = YES;
				CLANG_WARN_INT_CONVERSION = YES;
				CLANG_WARN_NON_LITERAL_NULL_CONVERSION = YES;
				CLANG_WARN_OBJC_IMPLICIT_RETAIN_SELF = YES;
				CLANG_WARN_OBJC_LITERAL_CONVERSION = YES;
				CLANG_WARN_OBJC_ROOT_CLASS = YES_ERROR;
				CLANG_WARN_RANGE_LOOP_ANALYSIS = YES;
				CLANG_WARN_STRICT_PROTOTYPES = YES;
				CLANG_WARN_SUSPICIOUS_MOVE = YES;
				CLANG_WARN_UNGUARDED_AVAILABILITY = YES_AGGRESSIVE;
				CLANG_WARN_UNREACHABLE_CODE = YES;
				CLANG_WARN__DUPLICATE_METHOD_MATCH = YES;
				CODE_SIGN_IDENTITY = "iPhone Developer";
				COPY_PHASE_STRIP = NO;
				DEBUG_INFORMATION_FORMAT = "dwarf-with-dsym";
				ENABLE_NS_ASSERTIONS = NO;
				ENABLE_STRICT_OBJC_MSGSEND = YES;
				GCC_C_LANGUAGE_STANDARD = gnu11;
				GCC_NO_COMMON_BLOCKS = YES;
				GCC_WARN_64_TO_32_BIT_CONVERSION = YES;
				GCC_WARN_ABOUT_RETURN_TYPE = YES_ERROR;
				GCC_WARN_UNDECLARED_SELECTOR = YES;
				GCC_WARN_UNINITIALIZED_AUTOS = YES_AGGRESSIVE;
				GCC_WARN_UNUSED_FUNCTION = YES;
				GCC_WARN_UNUSED_VARIABLE = YES;
				IPHONEOS_DEPLOYMENT_TARGET = 12.0;
				MTL_ENABLE_DEBUG_INFO = NO;
				MTL_FAST_MATH = YES;
				SDKROOT = iphoneos;
				VALIDATE_PRODUCT = YES;
			};
			name = Release;
		};
		FDD7B4A7222D264F005A3966 /* Debug */ = {
			isa = XCBuildConfiguration;
			buildSettings = {
				ASSETCATALOG_COMPILER_APPICON_NAME = AppIcon;
				CODE_SIGN_STYLE = Automatic;
				INFOPLIST_FILE = ZKTimerServiceDemo/Info.plist;
				LD_RUNPATH_SEARCH_PATHS = (
					"$(inherited)",
					"@executable_path/Frameworks",
				);
				PRODUCT_BUNDLE_IDENTIFIER = bestdew.ZKTimerServiceDemo;
				PRODUCT_NAME = "$(TARGET_NAME)";
				TARGETED_DEVICE_FAMILY = "1,2";
			};
			name = Debug;
		};
		FDD7B4A8222D264F005A3966 /* Release */ = {
			isa = XCBuildConfiguration;
			buildSettings = {
				ASSETCATALOG_COMPILER_APPICON_NAME = AppIcon;
				CODE_SIGN_STYLE = Automatic;
				INFOPLIST_FILE = ZKTimerServiceDemo/Info.plist;
				LD_RUNPATH_SEARCH_PATHS = (
					"$(inherited)",
					"@executable_path/Frameworks",
				);
				PRODUCT_BUNDLE_IDENTIFIER = bestdew.ZKTimerServiceDemo;
				PRODUCT_NAME = "$(TARGET_NAME)";
				TARGETED_DEVICE_FAMILY = "1,2";
			};
			name = Release;
		};
/* End XCBuildConfiguration section */

/* Begin XCConfigurationList section */
		FDD7B48B222D264E005A3966 /* Build configuration list for PBXProject "ZKTimerServiceDemo" */ = {
			isa = XCConfigurationList;
			buildConfigurations = (
				FDD7B4A4222D264F005A3966 /* Debug */,
				FDD7B4A5222D264F005A3966 /* Release */,
			);
			defaultConfigurationIsVisible = 0;
			defaultConfigurationName = Release;
		};
		FDD7B4A6222D264F005A3966 /* Build configuration list for PBXNativeTarget "ZKTimerServiceDemo" */ = {
			isa = XCConfigurationList;
			buildConfigurations = (
				FDD7B4A7222D264F005A3966 /* Debug */,
				FDD7B4A8222D264F005A3966 /* Release */,
			);
			defaultConfigurationIsVisible = 0;
			defaultConfigurationName = Release;
		};
/* End XCConfigurationList section */
	};
	rootObject = FDD7B488222D264E005A3966 /* Project object */;
}
